// !$*UTF8*$!
{
	archiveVersion = 1;
	classes = {
	};
	objectVersion = 46;
	objects = {

/* Begin PBXBuildFile section */
		841D7A5D1A6DF2E1007993B4 /* main.m in Sources */ = {isa = PBXBuildFile; fileRef = 841D7A5C1A6DF2E1007993B4 /* main.m */; };
		841D7A601A6DF2E1007993B4 /* AppDelegate.m in Sources */ = {isa = PBXBuildFile; fileRef = 841D7A5F1A6DF2E1007993B4 /* AppDelegate.m */; };
		841D7A631A6DF2E1007993B4 /* ViewController.m in Sources */ = {isa = PBXBuildFile; fileRef = 841D7A621A6DF2E1007993B4 /* ViewController.m */; };
		841D7A661A6DF2E1007993B4 /* Main.storyboard in Resources */ = {isa = PBXBuildFile; fileRef = 841D7A641A6DF2E1007993B4 /* Main.storyboard */; };
		841D7A681A6DF2E1007993B4 /* Images.xcassets in Resources */ = {isa = PBXBuildFile; fileRef = 841D7A671A6DF2E1007993B4 /* Images.xcassets */; };
		841D7A6B1A6DF2E1007993B4 /* LaunchScreen.xib in Resources */ = {isa = PBXBuildFile; fileRef = 841D7A691A6DF2E1007993B4 /* LaunchScreen.xib */; };
		841D7A771A6DF2E2007993B4 /* MapExampleTests.m in Sources */ = {isa = PBXBuildFile; fileRef = 841D7A761A6DF2E2007993B4 /* MapExampleTests.m */; };
		841D7A811A6DF3A2007993B4 /* MapKit.framework in Frameworks */ = {isa = PBXBuildFile; fileRef = 841D7A801A6DF3A2007993B4 /* MapKit.framework */; };
		841D7A831A6DFF68007993B4 /* CoreLocation.framework in Frameworks */ = {isa = PBXBuildFile; fileRef = 841D7A821A6DFF68007993B4 /* CoreLocation.framework */; };
		841D7A861A6DFF8D007993B4 /* LocationManager.m in Sources */ = {isa = PBXBuildFile; fileRef = 841D7A851A6DFF8D007993B4 /* LocationManager.m */; };
		841D7A891A6E1094007993B4 /* MapViewAnnotation.m in Sources */ = {isa = PBXBuildFile; fileRef = 841D7A881A6E1094007993B4 /* MapViewAnnotation.m */; };
		84C9924C1A772E610010049E /* PlaceDetailViewController.m in Sources */ = {isa = PBXBuildFile; fileRef = 84C9924B1A772E610010049E /* PlaceDetailViewController.m */; };
		84C9924E1A7749A10010049E /* FacebookSDK.framework in Frameworks */ = {isa = PBXBuildFile; fileRef = 84C9924D1A7749A10010049E /* FacebookSDK.framework */; };
/* End PBXBuildFile section */

/* Begin PBXContainerItemProxy section */
		841D7A711A6DF2E2007993B4 /* PBXContainerItemProxy */ = {
			isa = PBXContainerItemProxy;
			containerPortal = 841D7A4F1A6DF2E1007993B4 /* Project object */;
			proxyType = 1;
			remoteGlobalIDString = 841D7A561A6DF2E1007993B4;
			remoteInfo = MapExample;
		};
/* End PBXContainerItemProxy section */

/* Begin PBXFileReference section */
		841D7A571A6DF2E1007993B4 /* MapExample.app */ = {isa = PBXFileReference; explicitFileType = wrapper.application; includeInIndex = 0; path = MapExample.app; sourceTree = BUILT_PRODUCTS_DIR; };
		841D7A5B1A6DF2E1007993B4 /* Info.plist */ = {isa = PBXFileReference; lastKnownFileType = text.plist.xml; path = Info.plist; sourceTree = "<group>"; };
		841D7A5C1A6DF2E1007993B4 /* main.m */ = {isa = PBXFileReference; lastKnownFileType = sourcecode.c.objc; path = main.m; sourceTree = "<group>"; };
		841D7A5E1A6DF2E1007993B4 /* AppDelegate.h */ = {isa = PBXFileReference; lastKnownFileType = sourcecode.c.h; path = AppDelegate.h; sourceTree = "<group>"; };
		841D7A5F1A6DF2E1007993B4 /* AppDelegate.m */ = {isa = PBXFileReference; lastKnownFileType = sourcecode.c.objc; path = AppDelegate.m; sourceTree = "<group>"; };
		841D7A611A6DF2E1007993B4 /* ViewController.h */ = {isa = PBXFileReference; lastKnownFileType = sourcecode.c.h; path = ViewController.h; sourceTree = "<group>"; };
		841D7A621A6DF2E1007993B4 /* ViewController.m */ = {isa = PBXFileReference; lastKnownFileType = sourcecode.c.objc; path = ViewController.m; sourceTree = "<group>"; };
		841D7A651A6DF2E1007993B4 /* Base */ = {isa = PBXFileReference; lastKnownFileType = file.storyboard; name = Base; path = Base.lproj/Main.storyboard; sourceTree = "<group>"; };
		841D7A671A6DF2E1007993B4 /* Images.xcassets */ = {isa = PBXFileReference; lastKnownFileType = folder.assetcatalog; path = Images.xcassets; sourceTree = "<group>"; };
		841D7A6A1A6DF2E1007993B4 /* Base */ = {isa = PBXFileReference; lastKnownFileType = file.xib; name = Base; path = Base.lproj/LaunchScreen.xib; sourceTree = "<group>"; };
		841D7A701A6DF2E2007993B4 /* MapExampleTests.xctest */ = {isa = PBXFileReference; explicitFileType = wrapper.cfbundle; includeInIndex = 0; path = MapExampleTests.xctest; sourceTree = BUILT_PRODUCTS_DIR; };
		841D7A751A6DF2E2007993B4 /* Info.plist */ = {isa = PBXFileReference; lastKnownFileType = text.plist.xml; path = Info.plist; sourceTree = "<group>"; };
		841D7A761A6DF2E2007993B4 /* MapExampleTests.m */ = {isa = PBXFileReference; lastKnownFileType = sourcecode.c.objc; path = MapExampleTests.m; sourceTree = "<group>"; };
		841D7A801A6DF3A2007993B4 /* MapKit.framework */ = {isa = PBXFileReference; lastKnownFileType = wrapper.framework; name = MapKit.framework; path = System/Library/Frameworks/MapKit.framework; sourceTree = SDKROOT; };
		841D7A821A6DFF68007993B4 /* CoreLocation.framework */ = {isa = PBXFileReference; lastKnownFileType = wrapper.framework; name = CoreLocation.framework; path = System/Library/Frameworks/CoreLocation.framework; sourceTree = SDKROOT; };
		841D7A841A6DFF8D007993B4 /* LocationManager.h */ = {isa = PBXFileReference; fileEncoding = 4; lastKnownFileType = sourcecode.c.h; path = LocationManager.h; sourceTree = "<group>"; };
		841D7A851A6DFF8D007993B4 /* LocationManager.m */ = {isa = PBXFileReference; fileEncoding = 4; lastKnownFileType = sourcecode.c.objc; path = LocationManager.m; sourceTree = "<group>"; };
		841D7A871A6E1094007993B4 /* MapViewAnnotation.h */ = {isa = PBXFileReference; fileEncoding = 4; lastKnownFileType = sourcecode.c.h; path = MapViewAnnotation.h; sourceTree = "<group>"; };
		841D7A881A6E1094007993B4 /* MapViewAnnotation.m */ = {isa = PBXFileReference; fileEncoding = 4; lastKnownFileType = sourcecode.c.objc; path = MapViewAnnotation.m; sourceTree = "<group>"; };
		84C9924A1A772E610010049E /* PlaceDetailViewController.h */ = {isa = PBXFileReference; fileEncoding = 4; lastKnownFileType = sourcecode.c.h; path = PlaceDetailViewController.h; sourceTree = "<group>"; };
		84C9924B1A772E610010049E /* PlaceDetailViewController.m */ = {isa = PBXFileReference; fileEncoding = 4; lastKnownFileType = sourcecode.c.objc; path = PlaceDetailViewController.m; sourceTree = "<group>"; };
		84C9924D1A7749A10010049E /* FacebookSDK.framework */ = {isa = PBXFileReference; lastKnownFileType = wrapper.framework; name = FacebookSDK.framework; path = ../../../../../../../../Documents/FacebookSDK/FacebookSDK.framework; sourceTree = "<group>"; };
/* End PBXFileReference section */

/* Begin PBXFrameworksBuildPhase section */
		841D7A541A6DF2E1007993B4 /* Frameworks */ = {
			isa = PBXFrameworksBuildPhase;
			buildActionMask = 2147483647;
			files = (
				84C9924E1A7749A10010049E /* FacebookSDK.framework in Frameworks */,
				841D7A831A6DFF68007993B4 /* CoreLocation.framework in Frameworks */,
				841D7A811A6DF3A2007993B4 /* MapKit.framework in Frameworks */,
			);
			runOnlyForDeploymentPostprocessing = 0;
		};
		841D7A6D1A6DF2E2007993B4 /* Frameworks */ = {
			isa = PBXFrameworksBuildPhase;
			buildActionMask = 2147483647;
			files = (
			);
			runOnlyForDeploymentPostprocessing = 0;
		};
/* End PBXFrameworksBuildPhase section */

/* Begin PBXGroup section */
		841D7A4E1A6DF2E1007993B4 = {
			isa = PBXGroup;
			children = (
				84C9924D1A7749A10010049E /* FacebookSDK.framework */,
				841D7A821A6DFF68007993B4 /* CoreLocation.framework */,
				841D7A801A6DF3A2007993B4 /* MapKit.framework */,
				841D7A591A6DF2E1007993B4 /* MapExample */,
				841D7A731A6DF2E2007993B4 /* MapExampleTests */,
				841D7A581A6DF2E1007993B4 /* Products */,
			);
			sourceTree = "<group>";
		};
		841D7A581A6DF2E1007993B4 /* Products */ = {
			isa = PBXGroup;
			children = (
				841D7A571A6DF2E1007993B4 /* MapExample.app */,
				841D7A701A6DF2E2007993B4 /* MapExampleTests.xctest */,
			);
			name = Products;
			sourceTree = "<group>";
		};
		841D7A591A6DF2E1007993B4 /* MapExample */ = {
			isa = PBXGroup;
			children = (
				841D7A5E1A6DF2E1007993B4 /* AppDelegate.h */,
				841D7A5F1A6DF2E1007993B4 /* AppDelegate.m */,
				841D7A611A6DF2E1007993B4 /* ViewController.h */,
				841D7A621A6DF2E1007993B4 /* ViewController.m */,
				841D7A641A6DF2E1007993B4 /* Main.storyboard */,
				841D7A671A6DF2E1007993B4 /* Images.xcassets */,
				841D7A691A6DF2E1007993B4 /* LaunchScreen.xib */,
				841D7A5A1A6DF2E1007993B4 /* Supporting Files */,
				841D7A841A6DFF8D007993B4 /* LocationManager.h */,
				841D7A851A6DFF8D007993B4 /* LocationManager.m */,
				841D7A871A6E1094007993B4 /* MapViewAnnotation.h */,
				841D7A881A6E1094007993B4 /* MapViewAnnotation.m */,
				84C9924A1A772E610010049E /* PlaceDetailViewController.h */,
				84C9924B1A772E610010049E /* PlaceDetailViewController.m */,
			);
			path = MapExample;
			sourceTree = "<group>";
		};
		841D7A5A1A6DF2E1007993B4 /* Supporting Files */ = {
			isa = PBXGroup;
			children = (
				841D7A5B1A6DF2E1007993B4 /* Info.plist */,
				841D7A5C1A6DF2E1007993B4 /* main.m */,
			);
			name = "Supporting Files";
			sourceTree = "<group>";
		};
		841D7A731A6DF2E2007993B4 /* MapExampleTests */ = {
			isa = PBXGroup;
			children = (
				841D7A761A6DF2E2007993B4 /* MapExampleTests.m */,
				841D7A741A6DF2E2007993B4 /* Supporting Files */,
			);
			path = MapExampleTests;
			sourceTree = "<group>";
		};
		841D7A741A6DF2E2007993B4 /* Supporting Files */ = {
			isa = PBXGroup;
			children = (
				841D7A751A6DF2E2007993B4 /* Info.plist */,
			);
			name = "Supporting Files";
			sourceTree = "<group>";
		};
/* End PBXGroup section */

/* Begin PBXNativeTarget section */
		841D7A561A6DF2E1007993B4 /* MapExample */ = {
			isa = PBXNativeTarget;
			buildConfigurationList = 841D7A7A1A6DF2E2007993B4 /* Build configuration list for PBXNativeTarget "MapExample" */;
			buildPhases = (
				841D7A531A6DF2E1007993B4 /* Sources */,
				841D7A541A6DF2E1007993B4 /* Frameworks */,
				841D7A551A6DF2E1007993B4 /* Resources */,
			);
			buildRules = (
			);
			dependencies = (
			);
			name = MapExample;
			productName = MapExample;
			productReference = 841D7A571A6DF2E1007993B4 /* MapExample.app */;
			productType = "com.apple.product-type.application";
		};
		841D7A6F1A6DF2E2007993B4 /* MapExampleTests */ = {
			isa = PBXNativeTarget;
			buildConfigurationList = 841D7A7D1A6DF2E2007993B4 /* Build configuration list for PBXNativeTarget "MapExampleTests" */;
			buildPhases = (
				841D7A6C1A6DF2E2007993B4 /* Sources */,
				841D7A6D1A6DF2E2007993B4 /* Frameworks */,
				841D7A6E1A6DF2E2007993B4 /* Resources */,
			);
			buildRules = (
			);
			dependencies = (
				841D7A721A6DF2E2007993B4 /* PBXTargetDependency */,
			);
			name = MapExampleTests;
			productName = MapExampleTests;
			productReference = 841D7A701A6DF2E2007993B4 /* MapExampleTests.xctest */;
			productType = "com.apple.product-type.bundle.unit-test";
		};
/* End PBXNativeTarget section */

/* Begin PBXProject section */
		841D7A4F1A6DF2E1007993B4 /* Project object */ = {
			isa = PBXProject;
			attributes = {
				LastUpgradeCheck = 0610;
				ORGANIZATIONNAME = "Erick Bennett";
				TargetAttributes = {
					841D7A561A6DF2E1007993B4 = {
						CreatedOnToolsVersion = 6.1.1;
					};
					841D7A6F1A6DF2E2007993B4 = {
						CreatedOnToolsVersion = 6.1.1;
						TestTargetID = 841D7A561A6DF2E1007993B4;
					};
				};
			};
			buildConfigurationList = 841D7A521A6DF2E1007993B4 /* Build configuration list for PBXProject "MapExample" */;
			compatibilityVersion = "Xcode 3.2";
			developmentRegion = English;
			hasScannedForEncodings = 0;
			knownRegions = (
				en,
				Base,
			);
			mainGroup = 841D7A4E1A6DF2E1007993B4;
			productRefGroup = 841D7A581A6DF2E1007993B4 /* Products */;
			projectDirPath = "";
			projectRoot = "";
			targets = (
				841D7A561A6DF2E1007993B4 /* MapExample */,
				841D7A6F1A6DF2E2007993B4 /* MapExampleTests */,
			);
		};
/* End PBXProject section */

/* Begin PBXResourcesBuildPhase section */
		841D7A551A6DF2E1007993B4 /* Resources */ = {
			isa = PBXResourcesBuildPhase;
			buildActionMask = 2147483647;
			files = (
				841D7A661A6DF2E1007993B4 /* Main.storyboard in Resources */,
				841D7A6B1A6DF2E1007993B4 /* LaunchScreen.xib in Resources */,
				841D7A681A6DF2E1007993B4 /* Images.xcassets in Resources */,
			);
			runOnlyForDeploymentPostprocessing = 0;
		};
		841D7A6E1A6DF2E2007993B4 /* Resources */ = {
			isa = PBXResourcesBuildPhase;
			buildActionMask = 2147483647;
			files = (
			);
			runOnlyForDeploymentPostprocessing = 0;
		};
/* End PBXResourcesBuildPhase section */

/* Begin PBXSourcesBuildPhase section */
		841D7A531A6DF2E1007993B4 /* Sources */ = {
			isa = PBXSourcesBuildPhase;
			buildActionMask = 2147483647;
			files = (
				841D7A861A6DFF8D007993B4 /* LocationManager.m in Sources */,
				841D7A631A6DF2E1007993B4 /* ViewController.m in Sources */,
				841D7A601A6DF2E1007993B4 /* AppDelegate.m in Sources */,
				84C9924C1A772E610010049E /* PlaceDetailViewController.m in Sources */,
				841D7A5D1A6DF2E1007993B4 /* main.m in Sources */,
				841D7A891A6E1094007993B4 /* MapViewAnnotation.m in Sources */,
			);
			runOnlyForDeploymentPostprocessing = 0;
		};
		841D7A6C1A6DF2E2007993B4 /* Sources */ = {
			isa = PBXSourcesBuildPhase;
			buildActionMask = 2147483647;
			files = (
				841D7A771A6DF2E2007993B4 /* MapExampleTests.m in Sources */,
			);
			runOnlyForDeploymentPostprocessing = 0;
		};
/* End PBXSourcesBuildPhase section */

/* Begin PBXTargetDependency section */
		841D7A721A6DF2E2007993B4 /* PBXTargetDependency */ = {
			isa = PBXTargetDependency;
			target = 841D7A561A6DF2E1007993B4 /* MapExample */;
			targetProxy = 841D7A711A6DF2E2007993B4 /* PBXContainerItemProxy */;
		};
/* End PBXTargetDependency section */

/* Begin PBXVariantGroup section */
		841D7A641A6DF2E1007993B4 /* Main.storyboard */ = {
			isa = PBXVariantGroup;
			children = (
				841D7A651A6DF2E1007993B4 /* Base */,
			);
			name = Main.storyboard;
			sourceTree = "<group>";
		};
		841D7A691A6DF2E1007993B4 /* LaunchScreen.xib */ = {
			isa = PBXVariantGroup;
			children = (
				841D7A6A1A6DF2E1007993B4 /* Base */,
			);
			name = LaunchScreen.xib;
			sourceTree = "<group>";
		};
/* End PBXVariantGroup section */

/* Begin XCBuildConfiguration section */
		841D7A781A6DF2E2007993B4 /* Debug */ = {
			isa = XCBuildConfiguration;
			buildSettings = {
				ALWAYS_SEARCH_USER_PATHS = NO;
				CLANG_CXX_LANGUAGE_STANDARD = "gnu++0x";
				CLANG_CXX_LIBRARY = "libc++";
				CLANG_ENABLE_MODULES = YES;
				CLANG_ENABLE_OBJC_ARC = YES;
				CLANG_WARN_BOOL_CONVERSION = YES;
				CLANG_WARN_CONSTANT_CONVERSION = YES;
				CLANG_WARN_DIRECT_OBJC_ISA_USAGE = YES_ERROR;
				CLANG_WARN_EMPTY_BODY = YES;
				CLANG_WARN_ENUM_CONVERSION = YES;
				CLANG_WARN_INT_CONVERSION = YES;
				CLANG_WARN_OBJC_ROOT_CLASS = YES_ERROR;
				CLANG_WARN_UNREACHABLE_CODE = YES;
				CLANG_WARN__DUPLICATE_METHOD_MATCH = YES;
				"CODE_SIGN_IDENTITY[sdk=iphoneos*]" = "iPhone Developer";
				COPY_PHASE_STRIP = NO;
				ENABLE_STRICT_OBJC_MSGSEND = YES;
				GCC_C_LANGUAGE_STANDARD = gnu99;
				GCC_DYNAMIC_NO_PIC = NO;
				GCC_OPTIMIZATION_LEVEL = 0;
				GCC_PREPROCESSOR_DEFINITIONS = (
					"DEBUG=1",
					"$(inherited)",
				);
				GCC_SYMBOLS_PRIVATE_EXTERN = NO;
				GCC_WARN_64_TO_32_BIT_CONVERSION = YES;
				GCC_WARN_ABOUT_RETURN_TYPE = YES_ERROR;
				GCC_WARN_UNDECLARED_SELECTOR = YES;
				GCC_WARN_UNINITIALIZED_AUTOS = YES_AGGRESSIVE;
				GCC_WARN_UNUSED_FUNCTION = YES;
				GCC_WARN_UNUSED_VARIABLE = YES;
				IPHONEOS_DEPLOYMENT_TARGET = 8.1;
				MTL_ENABLE_DEBUG_INFO = YES;
				ONLY_ACTIVE_ARCH = YES;
				SDKROOT = iphoneos;
			};
			name = Debug;
		};
		841D7A791A6DF2E2007993B4 /* Release */ = {
			isa = XCBuildConfiguration;
			buildSettings = {
				ALWAYS_SEARCH_USER_PATHS = NO;
				CLANG_CXX_LANGUAGE_STANDARD = "gnu++0x";
				CLANG_CXX_LIBRARY = "libc++";
				CLANG_ENABLE_MODULES = YES;
				CLANG_ENABLE_OBJC_ARC = YES;
				CLANG_WARN_BOOL_CONVERSION = YES;
				CLANG_WARN_CONSTANT_CONVERSION = YES;
				CLANG_WARN_DIRECT_OBJC_ISA_USAGE = YES_ERROR;
				CLANG_WARN_EMPTY_BODY = YES;
				CLANG_WARN_ENUM_CONVERSION = YES;
				CLANG_WARN_INT_CONVERSION = YES;
				CLANG_WARN_OBJC_ROOT_CLASS = YES_ERROR;
				CLANG_WARN_UNREACHABLE_CODE = YES;
				CLANG_WARN__DUPLICATE_METHOD_MATCH = YES;
				"CODE_SIGN_IDENTITY[sdk=iphoneos*]" = "iPhone Developer";
				COPY_PHASE_STRIP = YES;
				ENABLE_NS_ASSERTIONS = NO;
				ENABLE_STRICT_OBJC_MSGSEND = YES;
				GCC_C_LANGUAGE_STANDARD = gnu99;
				GCC_WARN_64_TO_32_BIT_CONVERSION = YES;
				GCC_WARN_ABOUT_RETURN_TYPE = YES_ERROR;
				GCC_WARN_UNDECLARED_SELECTOR = YES;
				GCC_WARN_UNINITIALIZED_AUTOS = YES_AGGRESSIVE;
				GCC_WARN_UNUSED_FUNCTION = YES;
				GCC_WARN_UNUSED_VARIABLE = YES;
				IPHONEOS_DEPLOYMENT_TARGET = 8.1;
				MTL_ENABLE_DEBUG_INFO = NO;
				SDKROOT = iphoneos;
				VALIDATE_PRODUCT = YES;
			};
			name = Release;
		};
		841D7A7B1A6DF2E2007993B4 /* Debug */ = {
			isa = XCBuildConfiguration;
			buildSettings = {
				ASSETCATALOG_COMPILER_APPICON_NAME = AppIcon;
				FRAMEWORK_SEARCH_PATHS = (
					"$(inherited)",
					/Documents/FacebookSDK,
				);
				INFOPLIST_FILE = MapExample/Info.plist;
				LD_RUNPATH_SEARCH_PATHS = "$(inherited) @executable_path/Frameworks";
				PRODUCT_NAME = "$(TARGET_NAME)";
			};
			name = Debug;
		};
		841D7A7C1A6DF2E2007993B4 /* Release */ = {
			isa = XCBuildConfiguration;
			buildSettings = {
				ASSETCATALOG_COMPILER_APPICON_NAME = AppIcon;
				FRAMEWORK_SEARCH_PATHS = (
					"$(inherited)",
					/Documents/FacebookSDK,
				);
				INFOPLIST_FILE = MapExample/Info.plist;
				LD_RUNPATH_SEARCH_PATHS = "$(inherited) @executable_path/Frameworks";
				PRODUCT_NAME = "$(TARGET_NAME)";
			};
			name = Release;
		};
		841D7A7E1A6DF2E2007993B4 /* Debug */ = {
			isa = XCBuildConfiguration;
			buildSettings = {
				BUNDLE_LOADER = "$(TEST_HOST)";
				FRAMEWORK_SEARCH_PATHS = (
					"$(SDKROOT)/Developer/Library/Frameworks",
					"$(inherited)",
				);
				GCC_PREPROCESSOR_DEFINITIONS = (
					"DEBUG=1",
					"$(inherited)",
				);
				INFOPLIST_FILE = MapExampleTests/Info.plist;
				LD_RUNPATH_SEARCH_PATHS = "$(inherited) @executable_path/Frameworks @loader_path/Frameworks";
				PRODUCT_NAME = "$(TARGET_NAME)";
				TEST_HOST = "$(BUILT_PRODUCTS_DIR)/MapExample.app/MapExample";
			};
			name = Debug;
		};
		841D7A7F1A6DF2E2007993B4 /* Release */ = {
			isa = XCBuildConfiguration;
			buildSettings = {
				BUNDLE_LOADER = "$(TEST_HOST)";
				FRAMEWORK_SEARCH_PATHS = (
					"$(SDKROOT)/Developer/Library/Frameworks",
					"$(inherited)",
				);
				INFOPLIST_FILE = MapExampleTests/Info.plist;
				LD_RUNPATH_SEARCH_PATHS = "$(inherited) @executable_path/Frameworks @loader_path/Frameworks";
				PRODUCT_NAME = "$(TARGET_NAME)";
				TEST_HOST = "$(BUILT_PRODUCTS_DIR)/MapExample.app/MapExample";
			};
			name = Release;
		};
/* End XCBuildConfiguration section */

/* Begin XCConfigurationList section */
		841D7A521A6DF2E1007993B4 /* Build configuration list for PBXProject "MapExample" */ = {
			isa = XCConfigurationList;
			buildConfigurations = (
				841D7A781A6DF2E2007993B4 /* Debug */,
				841D7A791A6DF2E2007993B4 /* Release */,
			);
			defaultConfigurationIsVisible = 0;
			defaultConfigurationName = Release;
		};
		841D7A7A1A6DF2E2007993B4 /* Build configuration list for PBXNativeTarget "MapExample" */ = {
			isa = XCConfigurationList;
			buildConfigurations = (
				841D7A7B1A6DF2E2007993B4 /* Debug */,
				841D7A7C1A6DF2E2007993B4 /* Release */,
			);
			defaultConfigurationIsVisible = 0;
			defaultConfigurationName = Release;
		};
		841D7A7D1A6DF2E2007993B4 /* Build configuration list for PBXNativeTarget "MapExampleTests" */ = {
			isa = XCConfigurationList;
			buildConfigurations = (
				841D7A7E1A6DF2E2007993B4 /* Debug */,
				841D7A7F1A6DF2E2007993B4 /* Release */,
			);
			defaultConfigurationIsVisible = 0;
			defaultConfigurationName = Release;
		};
/* End XCConfigurationList section */
	};
	rootObject = 841D7A4F1A6DF2E1007993B4 /* Project object */;
}
